
Microsoft Visual Studio Solution File, Format Version 12.00
# Visual Studio Version 17
VisualStudioVersion = 17.0.31903.59
MinimumVisualStudioVersion = 10.0.40219.1
Project("{2150E333-8FDC-42A3-9474-1A3956D46DE8}") = "products.api", "products.api", "{975B25CF-E949-D192-930D-0D70C97B0588}"
EndProject
Project("{FAE04EC0-301F-11D3-BF4B-00C04F79EFBC}") = "products.api.healthcheck", "products.api\products.api.healthcheck.csproj", "{AD82611F-A69F-4190-9EE5-2D35BA45C510}"
EndProject
Global
	GlobalSection(SolutionConfigurationPlatforms) = preSolution
		Debug|Any CPU = Debug|Any CPU
		Debug|x64 = Debug|x64
		Debug|x86 = Debug|x86
		Release|Any CPU = Release|Any CPU
		Release|x64 = Release|x64
		Release|x86 = Release|x86
	EndGlobalSection
	GlobalSection(ProjectConfigurationPlatforms) = postSolution
		{AD82611F-A69F-4190-9EE5-2D35BA45C510}.Debug|Any CPU.ActiveCfg = Debug|Any CPU
		{AD82611F-A69F-4190-9EE5-2D35BA45C510}.Debug|Any CPU.Build.0 = Debug|Any CPU
		{AD82611F-A69F-4190-9EE5-2D35BA45C510}.Debug|x64.ActiveCfg = Debug|Any CPU
		{AD82611F-A69F-4190-9EE5-2D35BA45C510}.Debug|x64.Build.0 = Debug|Any CPU
		{AD82611F-A69F-4190-9EE5-2D35BA45C510}.Debug|x86.ActiveCfg = Debug|Any CPU
		{AD82611F-A69F-4190-9EE5-2D35BA45C510}.Debug|x86.Build.0 = Debug|Any CPU
		{AD82611F-A69F-4190-9EE5-2D35BA45C510}.Release|Any CPU.ActiveCfg = Release|Any CPU
		{AD82611F-A69F-4190-9EE5-2D35BA45C510}.Release|Any CPU.Build.0 = Release|Any CPU
		{AD82611F-A69F-4190-9EE5-2D35BA45C510}.Release|x64.ActiveCfg = Release|Any CPU
		{AD82611F-A69F-4190-9EE5-2D35BA45C510}.Release|x64.Build.0 = Release|Any CPU
		{AD82611F-A69F-4190-9EE5-2D35BA45C510}.Release|x86.ActiveCfg = Release|Any CPU
		{AD82611F-A69F-4190-9EE5-2D35BA45C510}.Release|x86.Build.0 = Release|Any CPU
	EndGlobalSection
	GlobalSection(SolutionProperties) = preSolution
		HideSolutionNode = FALSE
	EndGlobalSection
	GlobalSection(NestedProjects) = preSolution
		{AD82611F-A69F-4190-9EE5-2D35BA45C510} = {975B25CF-E949-D192-930D-0D70C97B0588}
	EndGlobalSection
EndGlobal
