
Microsoft Visual Studio Solution File, Format Version 12.00
# Visual Studio Version 17
VisualStudioVersion = 17.0.31903.59
MinimumVisualStudioVersion = 10.0.40219.1
Project("{2150E333-8FDC-42A3-9474-1A3956D46DE8}") = "src", "src", "{827E0CD3-B72D-47B6-A68D-7590B98EB39B}"
EndProject
Project("{FAE04EC0-301F-11D3-BF4B-00C04F79EFBC}") = "MyApp.Api", "src\MyApp.Api\MyApp.Api.csproj", "{9B023B59-280F-4369-8A67-F6CA28980A2C}"
EndProject
Project("{FAE04EC0-301F-11D3-BF4B-00C04F79EFBC}") = "MyApp.Application", "src\MyApp.Application\MyApp.Application.csproj", "{18E439B5-A42A-467B-88CB-FCC2F6368FCD}"
EndProject
Project("{FAE04EC0-301F-11D3-BF4B-00C04F79EFBC}") = "MyApp.Domain", "src\MyApp.Domain\MyApp.Domain.csproj", "{AE2FF240-1EFF-4CE6-8D3F-62E477256592}"
EndProject
Project("{FAE04EC0-301F-11D3-BF4B-00C04F79EFBC}") = "MyApp.Infrastructure", "src\MyApp.Infrastructure\MyApp.Infrastructure.csproj", "{0076DDFA-6A32-4A40-91E0-1D4C80647347}"
EndProject
Project("{2150E333-8FDC-42A3-9474-1A3956D46DE8}") = "test", "test", "{0C88DD14-F956-CE84-757C-A364CCF449FC}"
EndProject
Project("{FAE04EC0-301F-11D3-BF4B-00C04F79EFBC}") = "MyApp.Tests", "test\MyApp.Tests\MyApp.Tests.csproj", "{F1993172-0F0F-48CB-88D0-483BFA21C178}"
EndProject
Global
	GlobalSection(SolutionConfigurationPlatforms) = preSolution
		Debug|Any CPU = Debug|Any CPU
		Debug|x64 = Debug|x64
		Debug|x86 = Debug|x86
		Release|Any CPU = Release|Any CPU
		Release|x64 = Release|x64
		Release|x86 = Release|x86
	EndGlobalSection
	GlobalSection(ProjectConfigurationPlatforms) = postSolution
		{9B023B59-280F-4369-8A67-F6CA28980A2C}.Debug|Any CPU.ActiveCfg = Debug|Any CPU
		{9B023B59-280F-4369-8A67-F6CA28980A2C}.Debug|Any CPU.Build.0 = Debug|Any CPU
		{9B023B59-280F-4369-8A67-F6CA28980A2C}.Debug|x64.ActiveCfg = Debug|Any CPU
		{9B023B59-280F-4369-8A67-F6CA28980A2C}.Debug|x64.Build.0 = Debug|Any CPU
		{9B023B59-280F-4369-8A67-F6CA28980A2C}.Debug|x86.ActiveCfg = Debug|Any CPU
		{9B023B59-280F-4369-8A67-F6CA28980A2C}.Debug|x86.Build.0 = Debug|Any CPU
		{9B023B59-280F-4369-8A67-F6CA28980A2C}.Release|Any CPU.ActiveCfg = Release|Any CPU
		{9B023B59-280F-4369-8A67-F6CA28980A2C}.Release|Any CPU.Build.0 = Release|Any CPU
		{9B023B59-280F-4369-8A67-F6CA28980A2C}.Release|x64.ActiveCfg = Release|Any CPU
		{9B023B59-280F-4369-8A67-F6CA28980A2C}.Release|x64.Build.0 = Release|Any CPU
		{9B023B59-280F-4369-8A67-F6CA28980A2C}.Release|x86.ActiveCfg = Release|Any CPU
		{9B023B59-280F-4369-8A67-F6CA28980A2C}.Release|x86.Build.0 = Release|Any CPU
		{18E439B5-A42A-467B-88CB-FCC2F6368FCD}.Debug|Any CPU.ActiveCfg = Debug|Any CPU
		{18E439B5-A42A-467B-88CB-FCC2F6368FCD}.Debug|Any CPU.Build.0 = Debug|Any CPU
		{18E439B5-A42A-467B-88CB-FCC2F6368FCD}.Debug|x64.ActiveCfg = Debug|Any CPU
		{18E439B5-A42A-467B-88CB-FCC2F6368FCD}.Debug|x64.Build.0 = Debug|Any CPU
		{18E439B5-A42A-467B-88CB-FCC2F6368FCD}.Debug|x86.ActiveCfg = Debug|Any CPU
		{18E439B5-A42A-467B-88CB-FCC2F6368FCD}.Debug|x86.Build.0 = Debug|Any CPU
		{18E439B5-A42A-467B-88CB-FCC2F6368FCD}.Release|Any CPU.ActiveCfg = Release|Any CPU
		{18E439B5-A42A-467B-88CB-FCC2F6368FCD}.Release|Any CPU.Build.0 = Release|Any CPU
		{18E439B5-A42A-467B-88CB-FCC2F6368FCD}.Release|x64.ActiveCfg = Release|Any CPU
		{18E439B5-A42A-467B-88CB-FCC2F6368FCD}.Release|x64.Build.0 = Release|Any CPU
		{18E439B5-A42A-467B-88CB-FCC2F6368FCD}.Release|x86.ActiveCfg = Release|Any CPU
		{18E439B5-A42A-467B-88CB-FCC2F6368FCD}.Release|x86.Build.0 = Release|Any CPU
		{AE2FF240-1EFF-4CE6-8D3F-62E477256592}.Debug|Any CPU.ActiveCfg = Debug|Any CPU
		{AE2FF240-1EFF-4CE6-8D3F-62E477256592}.Debug|Any CPU.Build.0 = Debug|Any CPU
		{AE2FF240-1EFF-4CE6-8D3F-62E477256592}.Debug|x64.ActiveCfg = Debug|Any CPU
		{AE2FF240-1EFF-4CE6-8D3F-62E477256592}.Debug|x64.Build.0 = Debug|Any CPU
		{AE2FF240-1EFF-4CE6-8D3F-62E477256592}.Debug|x86.ActiveCfg = Debug|Any CPU
		{AE2FF240-1EFF-4CE6-8D3F-62E477256592}.Debug|x86.Build.0 = Debug|Any CPU
		{AE2FF240-1EFF-4CE6-8D3F-62E477256592}.Release|Any CPU.ActiveCfg = Release|Any CPU
		{AE2FF240-1EFF-4CE6-8D3F-62E477256592}.Release|Any CPU.Build.0 = Release|Any CPU
		{AE2FF240-1EFF-4CE6-8D3F-62E477256592}.Release|x64.ActiveCfg = Release|Any CPU
		{AE2FF240-1EFF-4CE6-8D3F-62E477256592}.Release|x64.Build.0 = Release|Any CPU
		{AE2FF240-1EFF-4CE6-8D3F-62E477256592}.Release|x86.ActiveCfg = Release|Any CPU
		{AE2FF240-1EFF-4CE6-8D3F-62E477256592}.Release|x86.Build.0 = Release|Any CPU
		{0076DDFA-6A32-4A40-91E0-1D4C80647347}.Debug|Any CPU.ActiveCfg = Debug|Any CPU
		{0076DDFA-6A32-4A40-91E0-1D4C80647347}.Debug|Any CPU.Build.0 = Debug|Any CPU
		{0076DDFA-6A32-4A40-91E0-1D4C80647347}.Debug|x64.ActiveCfg = Debug|Any CPU
		{0076DDFA-6A32-4A40-91E0-1D4C80647347}.Debug|x64.Build.0 = Debug|Any CPU
		{0076DDFA-6A32-4A40-91E0-1D4C80647347}.Debug|x86.ActiveCfg = Debug|Any CPU
		{0076DDFA-6A32-4A40-91E0-1D4C80647347}.Debug|x86.Build.0 = Debug|Any CPU
		{0076DDFA-6A32-4A40-91E0-1D4C80647347}.Release|Any CPU.ActiveCfg = Release|Any CPU
		{0076DDFA-6A32-4A40-91E0-1D4C80647347}.Release|Any CPU.Build.0 = Release|Any CPU
		{0076DDFA-6A32-4A40-91E0-1D4C80647347}.Release|x64.ActiveCfg = Release|Any CPU
		{0076DDFA-6A32-4A40-91E0-1D4C80647347}.Release|x64.Build.0 = Release|Any CPU
		{0076DDFA-6A32-4A40-91E0-1D4C80647347}.Release|x86.ActiveCfg = Release|Any CPU
		{0076DDFA-6A32-4A40-91E0-1D4C80647347}.Release|x86.Build.0 = Release|Any CPU
		{F1993172-0F0F-48CB-88D0-483BFA21C178}.Debug|Any CPU.ActiveCfg = Debug|Any CPU
		{F1993172-0F0F-48CB-88D0-483BFA21C178}.Debug|Any CPU.Build.0 = Debug|Any CPU
		{F1993172-0F0F-48CB-88D0-483BFA21C178}.Debug|x64.ActiveCfg = Debug|Any CPU
		{F1993172-0F0F-48CB-88D0-483BFA21C178}.Debug|x64.Build.0 = Debug|Any CPU
		{F1993172-0F0F-48CB-88D0-483BFA21C178}.Debug|x86.ActiveCfg = Debug|Any CPU
		{F1993172-0F0F-48CB-88D0-483BFA21C178}.Debug|x86.Build.0 = Debug|Any CPU
		{F1993172-0F0F-48CB-88D0-483BFA21C178}.Release|Any CPU.ActiveCfg = Release|Any CPU
		{F1993172-0F0F-48CB-88D0-483BFA21C178}.Release|Any CPU.Build.0 = Release|Any CPU
		{F1993172-0F0F-48CB-88D0-483BFA21C178}.Release|x64.ActiveCfg = Release|Any CPU
		{F1993172-0F0F-48CB-88D0-483BFA21C178}.Release|x64.Build.0 = Release|Any CPU
		{F1993172-0F0F-48CB-88D0-483BFA21C178}.Release|x86.ActiveCfg = Release|Any CPU
		{F1993172-0F0F-48CB-88D0-483BFA21C178}.Release|x86.Build.0 = Release|Any CPU
	EndGlobalSection
	GlobalSection(SolutionProperties) = preSolution
		HideSolutionNode = FALSE
	EndGlobalSection
	GlobalSection(NestedProjects) = preSolution
		{9B023B59-280F-4369-8A67-F6CA28980A2C} = {827E0CD3-B72D-47B6-A68D-7590B98EB39B}
		{18E439B5-A42A-467B-88CB-FCC2F6368FCD} = {827E0CD3-B72D-47B6-A68D-7590B98EB39B}
		{AE2FF240-1EFF-4CE6-8D3F-62E477256592} = {827E0CD3-B72D-47B6-A68D-7590B98EB39B}
		{0076DDFA-6A32-4A40-91E0-1D4C80647347} = {827E0CD3-B72D-47B6-A68D-7590B98EB39B}
		{F1993172-0F0F-48CB-88D0-483BFA21C178} = {0C88DD14-F956-CE84-757C-A364CCF449FC}
	EndGlobalSection
EndGlobal
