Microsoft Visual Studio Solution File, Format Version 12.00
# Visual Studio Version 17
VisualStudioVersion = 17.5.2.0
MinimumVisualStudioVersion = 10.0.40219.1
Project("{FAE04EC0-301F-11D3-BF4B-00C04F79EFBC}") = "errorHandling.api", "errorHandling.api.csproj", "{44329E8F-0C57-4D60-BBF7-BCB64B9552F4}"
EndProject
Global
	GlobalSection(SolutionConfigurationPlatforms) = preSolution
		Debug|Any CPU = Debug|Any CPU
		Release|Any CPU = Release|Any CPU
	EndGlobalSection
	GlobalSection(ProjectConfigurationPlatforms) = postSolution
		{44329E8F-0C57-4D60-BBF7-BCB64B9552F4}.Debug|Any CPU.ActiveCfg = Debug|Any CPU
		{44329E8F-0C57-4D60-BBF7-BCB64B9552F4}.Debug|Any CPU.Build.0 = Debug|Any CPU
		{44329E8F-0C57-4D60-BBF7-BCB64B9552F4}.Release|Any CPU.ActiveCfg = Release|Any CPU
		{44329E8F-0C57-4D60-BBF7-BCB64B9552F4}.Release|Any CPU.Build.0 = Release|Any CPU
	EndGlobalSection
	GlobalSection(SolutionProperties) = preSolution
		HideSolutionNode = FALSE
	EndGlobalSection
	GlobalSection(ExtensibilityGlobals) = postSolution
		SolutionGuid = {79AB3A5B-7CF5-4F0C-84F7-367255B9550E}
	EndGlobalSection
EndGlobal
